
Microsoft Visual Studio Solution File, Format Version 12.00
# Visual Studio Version 17
VisualStudioVersion = 17.7.34024.191
MinimumVisualStudioVersion = 10.0.40219.1
Project("{2150E333-8FDC-42A3-9474-1A3956D46DE8}") = "src", "src", "{D4D8BA03-7852-485C-96D7-BE0EAFF8A1F0}"
EndProject
Project("{2150E333-8FDC-42A3-9474-1A3956D46DE8}") = "Solution Items", "Solution Items", "{0EF2E4C5-7130-47DB-8068-B10331AA089D}"
	ProjectSection(SolutionItems) = preProject
		docker\docker compose.yml = docker\docker compose.yml
		sonar.bat = sonar.bat
	EndProjectSection
EndProject
Project("{2150E333-8FDC-42A3-9474-1A3956D46DE8}") = "Services", "Services", "{7D752B9C-8858-458A-8DA5-2FAEAA9C55F6}"
EndProject
Project("{2150E333-8FDC-42A3-9474-1A3956D46DE8}") = "Building Blocks", "Building Blocks", "{C530C3B9-9EEF-4B0D-9A26-49D935F7977B}"
EndProject
Project("{2150E333-8FDC-42A3-9474-1A3956D46DE8}") = "Web", "Web", "{7880A41B-0639-48F3-B7E0-985BD05ABB66}"
EndProject
Project("{9A19103F-16F7-4668-BE54-9A1E7A4F7556}") = "DevShop.Core", "src\building blocks\DevShop.Core\DevShop.Core.csproj", "{57186C1A-3CC9-41DD-BACD-AE31BF2780D7}"
EndProject
Project("{9A19103F-16F7-4668-BE54-9A1E7A4F7556}") = "DevShop.WebAPI.Core", "src\building blocks\DevShop.WebAPI.Core\DevShop.WebAPI.Core.csproj", "{E449DFCA-BA18-4885-8D1B-5E04DC98E8B5}"
EndProject
Project("{9A19103F-16F7-4668-BE54-9A1E7A4F7556}") = "DevShop.Identity.Domain", "src\services\DevShop.Identity.Domain\DevShop.Identity.Domain.csproj", "{30E27FBC-ED07-467E-ADC3-821A64D0AC9D}"
EndProject
Project("{9A19103F-16F7-4668-BE54-9A1E7A4F7556}") = "DevShop.Identity.Infrastructure", "src\services\DevShop.Identity.Infrastructure\DevShop.Identity.Infrastructure.csproj", "{D1DC5340-F9E7-406C-8648-8F3C5E9FF352}"
EndProject
Project("{9A19103F-16F7-4668-BE54-9A1E7A4F7556}") = "DevShop.Identity.Application", "src\services\DevShop.Identity.Application\DevShop.Identity.Application.csproj", "{75CE8016-418B-4106-9A54-7C05C7341C70}"
EndProject
Project("{9A19103F-16F7-4668-BE54-9A1E7A4F7556}") = "DevShop.Identity.API", "src\services\DevShop.Identity.API\DevShop.Identity.API.csproj", "{D80B359D-3F2D-461E-9D8D-37A5BFF35F59}"
EndProject
Project("{2150E333-8FDC-42A3-9474-1A3956D46DE8}") = "Identity", "Identity", "{60097DA2-D069-4864-A172-AC498421196C}"
EndProject
Project("{9A19103F-16F7-4668-BE54-9A1E7A4F7556}") = "DevShop.MessageBus", "src\building blocks\DevShop.MessageBus\DevShop.MessageBus.csproj", "{AF660DDA-C74C-4D7A-87A1-6D69E77004CB}"
EndProject
Project("{2150E333-8FDC-42A3-9474-1A3956D46DE8}") = "test", "test", "{CDED04AD-8BB5-46E1-A5F9-4ABA79A1761A}"
EndProject
Project("{9A19103F-16F7-4668-BE54-9A1E7A4F7556}") = "DevShop.Identity.WebApp", "src\web\DevShop.Identity.WebApp\DevShop.Identity.WebApp.csproj", "{7DA7ADA1-2C0A-4B55-92D7-0CBDE951523D}"
EndProject
Project("{2150E333-8FDC-42A3-9474-1A3956D46DE8}") = "Identity", "Identity", "{0A432BD2-B5B1-42E5-981A-A4EC41539D73}"
EndProject
Project("{9A19103F-16F7-4668-BE54-9A1E7A4F7556}") = "DevShop.Identity.Integration.Test", "test\DevShop.Identity.Integration.Test\DevShop.Identity.Integration.Test.csproj", "{36FF66AD-127E-4331-A07B-B33AFF2E6D24}"
EndProject
Project("{9A19103F-16F7-4668-BE54-9A1E7A4F7556}") = "Core.Test", "test\Core.Test\Core.Test.csproj", "{6492084B-04EF-4781-B5D8-F18DC2B7C3F5}"
EndProject
Project("{2150E333-8FDC-42A3-9474-1A3956D46DE8}") = "Core", "Core", "{590C3270-92AA-4B0B-BD75-DB0235ADACAE}"
EndProject
Global
	GlobalSection(SolutionConfigurationPlatforms) = preSolution
		Debug|Any CPU = Debug|Any CPU
		Release|Any CPU = Release|Any CPU
	EndGlobalSection
	GlobalSection(ProjectConfigurationPlatforms) = postSolution
		{57186C1A-3CC9-41DD-BACD-AE31BF2780D7}.Debug|Any CPU.ActiveCfg = Debug|Any CPU
		{57186C1A-3CC9-41DD-BACD-AE31BF2780D7}.Debug|Any CPU.Build.0 = Debug|Any CPU
		{57186C1A-3CC9-41DD-BACD-AE31BF2780D7}.Release|Any CPU.ActiveCfg = Release|Any CPU
		{57186C1A-3CC9-41DD-BACD-AE31BF2780D7}.Release|Any CPU.Build.0 = Release|Any CPU
		{E449DFCA-BA18-4885-8D1B-5E04DC98E8B5}.Debug|Any CPU.ActiveCfg = Debug|Any CPU
		{E449DFCA-BA18-4885-8D1B-5E04DC98E8B5}.Debug|Any CPU.Build.0 = Debug|Any CPU
		{E449DFCA-BA18-4885-8D1B-5E04DC98E8B5}.Release|Any CPU.ActiveCfg = Release|Any CPU
		{E449DFCA-BA18-4885-8D1B-5E04DC98E8B5}.Release|Any CPU.Build.0 = Release|Any CPU
		{30E27FBC-ED07-467E-ADC3-821A64D0AC9D}.Debug|Any CPU.ActiveCfg = Debug|Any CPU
		{30E27FBC-ED07-467E-ADC3-821A64D0AC9D}.Debug|Any CPU.Build.0 = Debug|Any CPU
		{30E27FBC-ED07-467E-ADC3-821A64D0AC9D}.Release|Any CPU.ActiveCfg = Release|Any CPU
		{30E27FBC-ED07-467E-ADC3-821A64D0AC9D}.Release|Any CPU.Build.0 = Release|Any CPU
		{D1DC5340-F9E7-406C-8648-8F3C5E9FF352}.Debug|Any CPU.ActiveCfg = Debug|Any CPU
		{D1DC5340-F9E7-406C-8648-8F3C5E9FF352}.Debug|Any CPU.Build.0 = Debug|Any CPU
		{D1DC5340-F9E7-406C-8648-8F3C5E9FF352}.Release|Any CPU.ActiveCfg = Release|Any CPU
		{D1DC5340-F9E7-406C-8648-8F3C5E9FF352}.Release|Any CPU.Build.0 = Release|Any CPU
		{75CE8016-418B-4106-9A54-7C05C7341C70}.Debug|Any CPU.ActiveCfg = Debug|Any CPU
		{75CE8016-418B-4106-9A54-7C05C7341C70}.Debug|Any CPU.Build.0 = Debug|Any CPU
		{75CE8016-418B-4106-9A54-7C05C7341C70}.Release|Any CPU.ActiveCfg = Release|Any CPU
		{75CE8016-418B-4106-9A54-7C05C7341C70}.Release|Any CPU.Build.0 = Release|Any CPU
		{D80B359D-3F2D-461E-9D8D-37A5BFF35F59}.Debug|Any CPU.ActiveCfg = Debug|Any CPU
		{D80B359D-3F2D-461E-9D8D-37A5BFF35F59}.Debug|Any CPU.Build.0 = Debug|Any CPU
		{D80B359D-3F2D-461E-9D8D-37A5BFF35F59}.Release|Any CPU.ActiveCfg = Release|Any CPU
		{D80B359D-3F2D-461E-9D8D-37A5BFF35F59}.Release|Any CPU.Build.0 = Release|Any CPU
		{AF660DDA-C74C-4D7A-87A1-6D69E77004CB}.Debug|Any CPU.ActiveCfg = Debug|Any CPU
		{AF660DDA-C74C-4D7A-87A1-6D69E77004CB}.Debug|Any CPU.Build.0 = Debug|Any CPU
		{AF660DDA-C74C-4D7A-87A1-6D69E77004CB}.Release|Any CPU.ActiveCfg = Release|Any CPU
		{AF660DDA-C74C-4D7A-87A1-6D69E77004CB}.Release|Any CPU.Build.0 = Release|Any CPU
		{7DA7ADA1-2C0A-4B55-92D7-0CBDE951523D}.Debug|Any CPU.ActiveCfg = Debug|Any CPU
		{7DA7ADA1-2C0A-4B55-92D7-0CBDE951523D}.Debug|Any CPU.Build.0 = Debug|Any CPU
		{7DA7ADA1-2C0A-4B55-92D7-0CBDE951523D}.Release|Any CPU.ActiveCfg = Release|Any CPU
		{7DA7ADA1-2C0A-4B55-92D7-0CBDE951523D}.Release|Any CPU.Build.0 = Release|Any CPU
		{36FF66AD-127E-4331-A07B-B33AFF2E6D24}.Debug|Any CPU.ActiveCfg = Debug|Any CPU
		{36FF66AD-127E-4331-A07B-B33AFF2E6D24}.Debug|Any CPU.Build.0 = Debug|Any CPU
		{36FF66AD-127E-4331-A07B-B33AFF2E6D24}.Release|Any CPU.ActiveCfg = Release|Any CPU
		{36FF66AD-127E-4331-A07B-B33AFF2E6D24}.Release|Any CPU.Build.0 = Release|Any CPU
		{6492084B-04EF-4781-B5D8-F18DC2B7C3F5}.Debug|Any CPU.ActiveCfg = Debug|Any CPU
		{6492084B-04EF-4781-B5D8-F18DC2B7C3F5}.Debug|Any CPU.Build.0 = Debug|Any CPU
		{6492084B-04EF-4781-B5D8-F18DC2B7C3F5}.Release|Any CPU.ActiveCfg = Release|Any CPU
		{6492084B-04EF-4781-B5D8-F18DC2B7C3F5}.Release|Any CPU.Build.0 = Release|Any CPU
	EndGlobalSection
	GlobalSection(SolutionProperties) = preSolution
		HideSolutionNode = FALSE
	EndGlobalSection
	GlobalSection(NestedProjects) = preSolution
		{7D752B9C-8858-458A-8DA5-2FAEAA9C55F6} = {D4D8BA03-7852-485C-96D7-BE0EAFF8A1F0}
		{C530C3B9-9EEF-4B0D-9A26-49D935F7977B} = {D4D8BA03-7852-485C-96D7-BE0EAFF8A1F0}
		{7880A41B-0639-48F3-B7E0-985BD05ABB66} = {D4D8BA03-7852-485C-96D7-BE0EAFF8A1F0}
		{57186C1A-3CC9-41DD-BACD-AE31BF2780D7} = {C530C3B9-9EEF-4B0D-9A26-49D935F7977B}
		{E449DFCA-BA18-4885-8D1B-5E04DC98E8B5} = {C530C3B9-9EEF-4B0D-9A26-49D935F7977B}
		{30E27FBC-ED07-467E-ADC3-821A64D0AC9D} = {60097DA2-D069-4864-A172-AC498421196C}
		{D1DC5340-F9E7-406C-8648-8F3C5E9FF352} = {60097DA2-D069-4864-A172-AC498421196C}
		{75CE8016-418B-4106-9A54-7C05C7341C70} = {60097DA2-D069-4864-A172-AC498421196C}
		{D80B359D-3F2D-461E-9D8D-37A5BFF35F59} = {60097DA2-D069-4864-A172-AC498421196C}
		{60097DA2-D069-4864-A172-AC498421196C} = {7D752B9C-8858-458A-8DA5-2FAEAA9C55F6}
		{AF660DDA-C74C-4D7A-87A1-6D69E77004CB} = {C530C3B9-9EEF-4B0D-9A26-49D935F7977B}
		{7DA7ADA1-2C0A-4B55-92D7-0CBDE951523D} = {7880A41B-0639-48F3-B7E0-985BD05ABB66}
		{0A432BD2-B5B1-42E5-981A-A4EC41539D73} = {CDED04AD-8BB5-46E1-A5F9-4ABA79A1761A}
		{36FF66AD-127E-4331-A07B-B33AFF2E6D24} = {0A432BD2-B5B1-42E5-981A-A4EC41539D73}
		{6492084B-04EF-4781-B5D8-F18DC2B7C3F5} = {590C3270-92AA-4B0B-BD75-DB0235ADACAE}
		{590C3270-92AA-4B0B-BD75-DB0235ADACAE} = {CDED04AD-8BB5-46E1-A5F9-4ABA79A1761A}
	EndGlobalSection
	GlobalSection(ExtensibilityGlobals) = postSolution
		SolutionGuid = {EA7CEBF4-0BB2-4E14-A6AB-D822FA2B83B4}
	EndGlobalSection
EndGlobal
